
Microsoft Visual Studio Solution File, Format Version 12.00
# Visual Studio Version 17
VisualStudioVersion = 17.7.34009.444
MinimumVisualStudioVersion = 10.0.40219.1
Project("{FAE04EC0-301F-11D3-BF4B-00C04F79EFBC}") = "FIT5032_MyCodeSnippet", "FIT5032_MyCodeSnippet\FIT5032_MyCodeSnippet.csproj", "{701B35C8-141D-4629-9E48-E47CFECBDF8D}"
EndProject
Project("{FAE04EC0-301F-11D3-BF4B-00C04F79EFBC}") = "FIT5032_MyCodeSnippet.Tests", "FIT5032_MyCodeSnippet.Tests\FIT5032_MyCodeSnippet.Tests.csproj", "{27111C6B-F687-47A3-AD35-FA1A74A13941}"
EndProject
Global
	GlobalSection(SolutionConfigurationPlatforms) = preSolution
		Debug|Any CPU = Debug|Any CPU
		Release|Any CPU = Release|Any CPU
	EndGlobalSection
	GlobalSection(ProjectConfigurationPlatforms) = postSolution
		{701B35C8-141D-4629-9E48-E47CFECBDF8D}.Debug|Any CPU.ActiveCfg = Debug|Any CPU
		{701B35C8-141D-4629-9E48-E47CFECBDF8D}.Debug|Any CPU.Build.0 = Debug|Any CPU
		{701B35C8-141D-4629-9E48-E47CFECBDF8D}.Release|Any CPU.ActiveCfg = Release|Any CPU
		{701B35C8-141D-4629-9E48-E47CFECBDF8D}.Release|Any CPU.Build.0 = Release|Any CPU
		{27111C6B-F687-47A3-AD35-FA1A74A13941}.Debug|Any CPU.ActiveCfg = Debug|Any CPU
		{27111C6B-F687-47A3-AD35-FA1A74A13941}.Debug|Any CPU.Build.0 = Debug|Any CPU
		{27111C6B-F687-47A3-AD35-FA1A74A13941}.Release|Any CPU.ActiveCfg = Release|Any CPU
		{27111C6B-F687-47A3-AD35-FA1A74A13941}.Release|Any CPU.Build.0 = Release|Any CPU
	EndGlobalSection
	GlobalSection(SolutionProperties) = preSolution
		HideSolutionNode = FALSE
	EndGlobalSection
	GlobalSection(ExtensibilityGlobals) = postSolution
		SolutionGuid = {431AB536-D38A-4D4E-B9DD-DB198D136916}
	EndGlobalSection
EndGlobal
